
Microsoft Visual Studio Solution File, Format Version 12.00
# Visual Studio 2012
Project("{FAE04EC0-301F-11D3-BF4B-00C04F79EFBC}") = "MVCDemo", "MVCDemo\MVCDemo.csproj", "{55D18A68-DF17-4D73-AC82-B696A92B7A6B}"
EndProject
Project("{FAE04EC0-301F-11D3-BF4B-00C04F79EFBC}") = "MVCDemoTests", "MVCDemoTests\MVCDemoTests.csproj", "{A3A11246-71E3-4E25-BAA7-1EE0D3B208AA}"
EndProject
Global
	GlobalSection(SolutionConfigurationPlatforms) = preSolution
		Debug|Any CPU = Debug|Any CPU
		Release|Any CPU = Release|Any CPU
	EndGlobalSection
	GlobalSection(ProjectConfigurationPlatforms) = postSolution
		{55D18A68-DF17-4D73-AC82-B696A92B7A6B}.Debug|Any CPU.ActiveCfg = Debug|Any CPU
		{55D18A68-DF17-4D73-AC82-B696A92B7A6B}.Debug|Any CPU.Build.0 = Debug|Any CPU
		{55D18A68-DF17-4D73-AC82-B696A92B7A6B}.Release|Any CPU.ActiveCfg = Release|Any CPU
		{55D18A68-DF17-4D73-AC82-B696A92B7A6B}.Release|Any CPU.Build.0 = Release|Any CPU
		{A3A11246-71E3-4E25-BAA7-1EE0D3B208AA}.Debug|Any CPU.ActiveCfg = Debug|Any CPU
		{A3A11246-71E3-4E25-BAA7-1EE0D3B208AA}.Debug|Any CPU.Build.0 = Debug|Any CPU
		{A3A11246-71E3-4E25-BAA7-1EE0D3B208AA}.Release|Any CPU.ActiveCfg = Release|Any CPU
		{A3A11246-71E3-4E25-BAA7-1EE0D3B208AA}.Release|Any CPU.Build.0 = Release|Any CPU
	EndGlobalSection
	GlobalSection(SolutionProperties) = preSolution
		HideSolutionNode = FALSE
	EndGlobalSection
EndGlobal
